// !$*UTF8*$!
{
	archiveVersion = 1;
	classes = {
	};
	objectVersion = 55;
	objects = {

/* Begin PBXBuildFile section */
		E1CDF6C327DC6559006AEF33 /* TwitterCloneApp.swift in Sources */ = {isa = PBXBuildFile; fileRef = E1CDF6C227DC6559006AEF33 /* TwitterCloneApp.swift */; };
		E1CDF6C527DC6559006AEF33 /* ContentView.swift in Sources */ = {isa = PBXBuildFile; fileRef = E1CDF6C427DC6559006AEF33 /* ContentView.swift */; };
		E1CDF6C727DC655A006AEF33 /* Assets.xcassets in Resources */ = {isa = PBXBuildFile; fileRef = E1CDF6C627DC655A006AEF33 /* Assets.xcassets */; };
		E1CDF6CA27DC655A006AEF33 /* Preview Assets.xcassets in Resources */ = {isa = PBXBuildFile; fileRef = E1CDF6C927DC655A006AEF33 /* Preview Assets.xcassets */; };
		E1CDF6D427DC655A006AEF33 /* TwitterCloneTests.swift in Sources */ = {isa = PBXBuildFile; fileRef = E1CDF6D327DC655A006AEF33 /* TwitterCloneTests.swift */; };
		E1CDF6DE27DC655A006AEF33 /* TwitterCloneUITests.swift in Sources */ = {isa = PBXBuildFile; fileRef = E1CDF6DD27DC655A006AEF33 /* TwitterCloneUITests.swift */; };
		E1CDF6E027DC655A006AEF33 /* TwitterCloneUITestsLaunchTests.swift in Sources */ = {isa = PBXBuildFile; fileRef = E1CDF6DF27DC655A006AEF33 /* TwitterCloneUITestsLaunchTests.swift */; };
		E1CDF6F627DC6753006AEF33 /* FeedView.swift in Sources */ = {isa = PBXBuildFile; fileRef = E1CDF6F527DC6753006AEF33 /* FeedView.swift */; };
		E1CDF6F927DC6802006AEF33 /* TweetRowView.swift in Sources */ = {isa = PBXBuildFile; fileRef = E1CDF6F827DC6802006AEF33 /* TweetRowView.swift */; };
		E1CDF6FC27DC6DA2006AEF33 /* MainTabView.swift in Sources */ = {isa = PBXBuildFile; fileRef = E1CDF6FB27DC6DA2006AEF33 /* MainTabView.swift */; };
		E1CDF70227DC6E6F006AEF33 /* ExploreView.swift in Sources */ = {isa = PBXBuildFile; fileRef = E1CDF70127DC6E6F006AEF33 /* ExploreView.swift */; };
		E1CDF70427DC6E7F006AEF33 /* NotificationsView.swift in Sources */ = {isa = PBXBuildFile; fileRef = E1CDF70327DC6E7F006AEF33 /* NotificationsView.swift */; };
		E1CDF70627DC6E8E006AEF33 /* MessagesView.swift in Sources */ = {isa = PBXBuildFile; fileRef = E1CDF70527DC6E8E006AEF33 /* MessagesView.swift */; };
		E1CDF70A27DC6F49006AEF33 /* ProfileView.swift in Sources */ = {isa = PBXBuildFile; fileRef = E1CDF70927DC6F49006AEF33 /* ProfileView.swift */; };
		E1CDF70C27DC73D1006AEF33 /* TweetFilterViewModel.swift in Sources */ = {isa = PBXBuildFile; fileRef = E1CDF70B27DC73D1006AEF33 /* TweetFilterViewModel.swift */; };
		E1CDF71127DC770F006AEF33 /* UserRowView.swift in Sources */ = {isa = PBXBuildFile; fileRef = E1CDF71027DC770F006AEF33 /* UserRowView.swift */; };
		E1CDF71627DC7955006AEF33 /* SideMenuView.swift in Sources */ = {isa = PBXBuildFile; fileRef = E1CDF71527DC7955006AEF33 /* SideMenuView.swift */; };
		E1CDF71A27DC7973006AEF33 /* SideMenuViewModel.swift in Sources */ = {isa = PBXBuildFile; fileRef = E1CDF71927DC7973006AEF33 /* SideMenuViewModel.swift */; };
		E1CDF71C27DC7AD9006AEF33 /* UserStatsView.swift in Sources */ = {isa = PBXBuildFile; fileRef = E1CDF71B27DC7AD9006AEF33 /* UserStatsView.swift */; };
		E1CDF71E27DC8098006AEF33 /* SideMenuOptionRowView.swift in Sources */ = {isa = PBXBuildFile; fileRef = E1CDF71D27DC8098006AEF33 /* SideMenuOptionRowView.swift */; };
/* End PBXBuildFile section */

/* Begin PBXContainerItemProxy section */
		E1CDF6D027DC655A006AEF33 /* PBXContainerItemProxy */ = {
			isa = PBXContainerItemProxy;
			containerPortal = E1CDF6B727DC6559006AEF33 /* Project object */;
			proxyType = 1;
			remoteGlobalIDString = E1CDF6BE27DC6559006AEF33;
			remoteInfo = TwitterClone;
		};
		E1CDF6DA27DC655A006AEF33 /* PBXContainerItemProxy */ = {
			isa = PBXContainerItemProxy;
			containerPortal = E1CDF6B727DC6559006AEF33 /* Project object */;
			proxyType = 1;
			remoteGlobalIDString = E1CDF6BE27DC6559006AEF33;
			remoteInfo = TwitterClone;
		};
/* End PBXContainerItemProxy section */

/* Begin PBXFileReference section */
		E1CDF6BF27DC6559006AEF33 /* TwitterClone.app */ = {isa = PBXFileReference; explicitFileType = wrapper.application; includeInIndex = 0; path = TwitterClone.app; sourceTree = BUILT_PRODUCTS_DIR; };
		E1CDF6C227DC6559006AEF33 /* TwitterCloneApp.swift */ = {isa = PBXFileReference; lastKnownFileType = sourcecode.swift; path = TwitterCloneApp.swift; sourceTree = "<group>"; };
		E1CDF6C427DC6559006AEF33 /* ContentView.swift */ = {isa = PBXFileReference; lastKnownFileType = sourcecode.swift; path = ContentView.swift; sourceTree = "<group>"; };
		E1CDF6C627DC655A006AEF33 /* Assets.xcassets */ = {isa = PBXFileReference; lastKnownFileType = folder.assetcatalog; path = Assets.xcassets; sourceTree = "<group>"; };
		E1CDF6C927DC655A006AEF33 /* Preview Assets.xcassets */ = {isa = PBXFileReference; lastKnownFileType = folder.assetcatalog; path = "Preview Assets.xcassets"; sourceTree = "<group>"; };
		E1CDF6CF27DC655A006AEF33 /* TwitterCloneTests.xctest */ = {isa = PBXFileReference; explicitFileType = wrapper.cfbundle; includeInIndex = 0; path = TwitterCloneTests.xctest; sourceTree = BUILT_PRODUCTS_DIR; };
		E1CDF6D327DC655A006AEF33 /* TwitterCloneTests.swift */ = {isa = PBXFileReference; lastKnownFileType = sourcecode.swift; path = TwitterCloneTests.swift; sourceTree = "<group>"; };
		E1CDF6D927DC655A006AEF33 /* TwitterCloneUITests.xctest */ = {isa = PBXFileReference; explicitFileType = wrapper.cfbundle; includeInIndex = 0; path = TwitterCloneUITests.xctest; sourceTree = BUILT_PRODUCTS_DIR; };
		E1CDF6DD27DC655A006AEF33 /* TwitterCloneUITests.swift */ = {isa = PBXFileReference; lastKnownFileType = sourcecode.swift; path = TwitterCloneUITests.swift; sourceTree = "<group>"; };
		E1CDF6DF27DC655A006AEF33 /* TwitterCloneUITestsLaunchTests.swift */ = {isa = PBXFileReference; lastKnownFileType = sourcecode.swift; path = TwitterCloneUITestsLaunchTests.swift; sourceTree = "<group>"; };
		E1CDF6F527DC6753006AEF33 /* FeedView.swift */ = {isa = PBXFileReference; lastKnownFileType = sourcecode.swift; path = FeedView.swift; sourceTree = "<group>"; };
		E1CDF6F827DC6802006AEF33 /* TweetRowView.swift */ = {isa = PBXFileReference; lastKnownFileType = sourcecode.swift; path = TweetRowView.swift; sourceTree = "<group>"; };
		E1CDF6FB27DC6DA2006AEF33 /* MainTabView.swift */ = {isa = PBXFileReference; lastKnownFileType = sourcecode.swift; path = MainTabView.swift; sourceTree = "<group>"; };
		E1CDF70127DC6E6F006AEF33 /* ExploreView.swift */ = {isa = PBXFileReference; lastKnownFileType = sourcecode.swift; path = ExploreView.swift; sourceTree = "<group>"; };
		E1CDF70327DC6E7F006AEF33 /* NotificationsView.swift */ = {isa = PBXFileReference; lastKnownFileType = sourcecode.swift; path = NotificationsView.swift; sourceTree = "<group>"; };
		E1CDF70527DC6E8E006AEF33 /* MessagesView.swift */ = {isa = PBXFileReference; lastKnownFileType = sourcecode.swift; path = MessagesView.swift; sourceTree = "<group>"; };
		E1CDF70927DC6F49006AEF33 /* ProfileView.swift */ = {isa = PBXFileReference; lastKnownFileType = sourcecode.swift; path = ProfileView.swift; sourceTree = "<group>"; };
		E1CDF70B27DC73D1006AEF33 /* TweetFilterViewModel.swift */ = {isa = PBXFileReference; lastKnownFileType = sourcecode.swift; path = TweetFilterViewModel.swift; sourceTree = "<group>"; };
		E1CDF71027DC770F006AEF33 /* UserRowView.swift */ = {isa = PBXFileReference; lastKnownFileType = sourcecode.swift; path = UserRowView.swift; sourceTree = "<group>"; };
		E1CDF71527DC7955006AEF33 /* SideMenuView.swift */ = {isa = PBXFileReference; lastKnownFileType = sourcecode.swift; path = SideMenuView.swift; sourceTree = "<group>"; };
		E1CDF71927DC7973006AEF33 /* SideMenuViewModel.swift */ = {isa = PBXFileReference; lastKnownFileType = sourcecode.swift; path = SideMenuViewModel.swift; sourceTree = "<group>"; };
		E1CDF71B27DC7AD9006AEF33 /* UserStatsView.swift */ = {isa = PBXFileReference; lastKnownFileType = sourcecode.swift; path = UserStatsView.swift; sourceTree = "<group>"; };
		E1CDF71D27DC8098006AEF33 /* SideMenuOptionRowView.swift */ = {isa = PBXFileReference; lastKnownFileType = sourcecode.swift; path = SideMenuOptionRowView.swift; sourceTree = "<group>"; };
/* End PBXFileReference section */

/* Begin PBXFrameworksBuildPhase section */
		E1CDF6BC27DC6559006AEF33 /* Frameworks */ = {
			isa = PBXFrameworksBuildPhase;
			buildActionMask = 2147483647;
			files = (
			);
			runOnlyForDeploymentPostprocessing = 0;
		};
		E1CDF6CC27DC655A006AEF33 /* Frameworks */ = {
			isa = PBXFrameworksBuildPhase;
			buildActionMask = 2147483647;
			files = (
			);
			runOnlyForDeploymentPostprocessing = 0;
		};
		E1CDF6D627DC655A006AEF33 /* Frameworks */ = {
			isa = PBXFrameworksBuildPhase;
			buildActionMask = 2147483647;
			files = (
			);
			runOnlyForDeploymentPostprocessing = 0;
		};
/* End PBXFrameworksBuildPhase section */

/* Begin PBXGroup section */
		E1CDF6B627DC6559006AEF33 = {
			isa = PBXGroup;
			children = (
				E1CDF6C127DC6559006AEF33 /* TwitterClone */,
				E1CDF6D227DC655A006AEF33 /* TwitterCloneTests */,
				E1CDF6DC27DC655A006AEF33 /* TwitterCloneUITests */,
				E1CDF6C027DC6559006AEF33 /* Products */,
			);
			sourceTree = "<group>";
		};
		E1CDF6C027DC6559006AEF33 /* Products */ = {
			isa = PBXGroup;
			children = (
				E1CDF6BF27DC6559006AEF33 /* TwitterClone.app */,
				E1CDF6CF27DC655A006AEF33 /* TwitterCloneTests.xctest */,
				E1CDF6D927DC655A006AEF33 /* TwitterCloneUITests.xctest */,
			);
			name = Products;
			sourceTree = "<group>";
		};
		E1CDF6C127DC6559006AEF33 /* TwitterClone */ = {
			isa = PBXGroup;
			children = (
				E1CDF6EC27DC66D9006AEF33 /* Extensions */,
				E1CDF6F027DC66ED006AEF33 /* Model */,
				E1CDF6EF27DC66EB006AEF33 /* Service */,
				E1CDF6EE27DC66E2006AEF33 /* Core */,
				E1CDF6C227DC6559006AEF33 /* TwitterCloneApp.swift */,
				E1CDF6C427DC6559006AEF33 /* ContentView.swift */,
				E1CDF6C627DC655A006AEF33 /* Assets.xcassets */,
				E1CDF6C827DC655A006AEF33 /* Preview Content */,
			);
			path = TwitterClone;
			sourceTree = "<group>";
		};
		E1CDF6C827DC655A006AEF33 /* Preview Content */ = {
			isa = PBXGroup;
			children = (
				E1CDF6C927DC655A006AEF33 /* Preview Assets.xcassets */,
			);
			path = "Preview Content";
			sourceTree = "<group>";
		};
		E1CDF6D227DC655A006AEF33 /* TwitterCloneTests */ = {
			isa = PBXGroup;
			children = (
				E1CDF6D327DC655A006AEF33 /* TwitterCloneTests.swift */,
			);
			path = TwitterCloneTests;
			sourceTree = "<group>";
		};
		E1CDF6DC27DC655A006AEF33 /* TwitterCloneUITests */ = {
			isa = PBXGroup;
			children = (
				E1CDF6DD27DC655A006AEF33 /* TwitterCloneUITests.swift */,
				E1CDF6DF27DC655A006AEF33 /* TwitterCloneUITestsLaunchTests.swift */,
			);
			path = TwitterCloneUITests;
			sourceTree = "<group>";
		};
		E1CDF6EC27DC66D9006AEF33 /* Extensions */ = {
			isa = PBXGroup;
			children = (
				E1CDF6ED27DC66DF006AEF33 /* New Group */,
			);
			path = Extensions;
			sourceTree = "<group>";
		};
		E1CDF6ED27DC66DF006AEF33 /* New Group */ = {
			isa = PBXGroup;
			children = (
			);
			path = "New Group";
			sourceTree = "<group>";
		};
		E1CDF6EE27DC66E2006AEF33 /* Core */ = {
			isa = PBXGroup;
			children = (
				E1CDF6F227DC6706006AEF33 /* Components */,
				E1CDF71227DC792F006AEF33 /* SideMenu */,
				E1CDF70027DC6E50006AEF33 /* Profile */,
				E1CDF6FF27DC6E39006AEF33 /* Explore */,
				E1CDF6FE27DC6E37006AEF33 /* Notifications */,
				E1CDF6FD27DC6E35006AEF33 /* Messages */,
				E1CDF6FA27DC6D8A006AEF33 /* MainTab */,
				E1CDF6F127DC6701006AEF33 /* Feed */,
			);
			path = Core;
			sourceTree = "<group>";
		};
		E1CDF6EF27DC66EB006AEF33 /* Service */ = {
			isa = PBXGroup;
			children = (
			);
			path = Service;
			sourceTree = "<group>";
		};
		E1CDF6F027DC66ED006AEF33 /* Model */ = {
			isa = PBXGroup;
			children = (
			);
			path = Model;
			sourceTree = "<group>";
		};
		E1CDF6F127DC6701006AEF33 /* Feed */ = {
			isa = PBXGroup;
			children = (
				E1CDF6F327DC6736006AEF33 /* VIewModels */,
				E1CDF6F427DC673C006AEF33 /* View */,
			);
			path = Feed;
			sourceTree = "<group>";
		};
		E1CDF6F227DC6706006AEF33 /* Components */ = {
			isa = PBXGroup;
			children = (
				E1CDF70F27DC7702006AEF33 /* Users */,
				E1CDF6F727DC67C5006AEF33 /* Tweets */,
			);
			path = Components;
			sourceTree = "<group>";
		};
		E1CDF6F327DC6736006AEF33 /* VIewModels */ = {
			isa = PBXGroup;
			children = (
			);
			path = VIewModels;
			sourceTree = "<group>";
		};
		E1CDF6F427DC673C006AEF33 /* View */ = {
			isa = PBXGroup;
			children = (
				E1CDF6F527DC6753006AEF33 /* FeedView.swift */,
			);
			path = View;
			sourceTree = "<group>";
		};
		E1CDF6F727DC67C5006AEF33 /* Tweets */ = {
			isa = PBXGroup;
			children = (
				E1CDF6F827DC6802006AEF33 /* TweetRowView.swift */,
			);
			path = Tweets;
			sourceTree = "<group>";
		};
		E1CDF6FA27DC6D8A006AEF33 /* MainTab */ = {
			isa = PBXGroup;
			children = (
				E1CDF6FB27DC6DA2006AEF33 /* MainTabView.swift */,
			);
			path = MainTab;
			sourceTree = "<group>";
		};
		E1CDF6FD27DC6E35006AEF33 /* Messages */ = {
			isa = PBXGroup;
			children = (
				E1CDF70527DC6E8E006AEF33 /* MessagesView.swift */,
			);
			path = Messages;
			sourceTree = "<group>";
		};
		E1CDF6FE27DC6E37006AEF33 /* Notifications */ = {
			isa = PBXGroup;
			children = (
				E1CDF70327DC6E7F006AEF33 /* NotificationsView.swift */,
			);
			path = Notifications;
			sourceTree = "<group>";
		};
		E1CDF6FF27DC6E39006AEF33 /* Explore */ = {
			isa = PBXGroup;
			children = (
				E1CDF70D27DC76E8006AEF33 /* VIewModels */,
				E1CDF70E27DC76F4006AEF33 /* Views */,
			);
			path = Explore;
			sourceTree = "<group>";
		};
		E1CDF70027DC6E50006AEF33 /* Profile */ = {
			isa = PBXGroup;
			children = (
				E1CDF70727DC6F38006AEF33 /* ViewModels */,
				E1CDF70827DC6F3C006AEF33 /* Views */,
			);
			path = Profile;
			sourceTree = "<group>";
		};
		E1CDF70727DC6F38006AEF33 /* ViewModels */ = {
			isa = PBXGroup;
			children = (
				E1CDF70B27DC73D1006AEF33 /* TweetFilterViewModel.swift */,
			);
			path = ViewModels;
			sourceTree = "<group>";
		};
		E1CDF70827DC6F3C006AEF33 /* Views */ = {
			isa = PBXGroup;
			children = (
				E1CDF70927DC6F49006AEF33 /* ProfileView.swift */,
			);
			path = Views;
			sourceTree = "<group>";
		};
		E1CDF70D27DC76E8006AEF33 /* VIewModels */ = {
			isa = PBXGroup;
			children = (
			);
			path = VIewModels;
			sourceTree = "<group>";
		};
		E1CDF70E27DC76F4006AEF33 /* Views */ = {
			isa = PBXGroup;
			children = (
				E1CDF70127DC6E6F006AEF33 /* ExploreView.swift */,
			);
			path = Views;
			sourceTree = "<group>";
		};
		E1CDF70F27DC7702006AEF33 /* Users */ = {
			isa = PBXGroup;
			children = (
				E1CDF71027DC770F006AEF33 /* UserRowView.swift */,
				E1CDF71B27DC7AD9006AEF33 /* UserStatsView.swift */,
			);
			path = Users;
			sourceTree = "<group>";
		};
		E1CDF71227DC792F006AEF33 /* SideMenu */ = {
			isa = PBXGroup;
			children = (
				E1CDF71327DC7939006AEF33 /* ViewModels */,
				E1CDF71427DC7942006AEF33 /* Views */,
			);
			path = SideMenu;
			sourceTree = "<group>";
		};
		E1CDF71327DC7939006AEF33 /* ViewModels */ = {
			isa = PBXGroup;
			children = (
				E1CDF71927DC7973006AEF33 /* SideMenuViewModel.swift */,
			);
			path = ViewModels;
			sourceTree = "<group>";
		};
		E1CDF71427DC7942006AEF33 /* Views */ = {
			isa = PBXGroup;
			children = (
				E1CDF71527DC7955006AEF33 /* SideMenuView.swift */,
				E1CDF71D27DC8098006AEF33 /* SideMenuOptionRowView.swift */,
			);
			path = Views;
			sourceTree = "<group>";
		};
/* End PBXGroup section */

/* Begin PBXNativeTarget section */
		E1CDF6BE27DC6559006AEF33 /* TwitterClone */ = {
			isa = PBXNativeTarget;
			buildConfigurationList = E1CDF6E327DC655A006AEF33 /* Build configuration list for PBXNativeTarget "TwitterClone" */;
			buildPhases = (
				E1CDF6BB27DC6559006AEF33 /* Sources */,
				E1CDF6BC27DC6559006AEF33 /* Frameworks */,
				E1CDF6BD27DC6559006AEF33 /* Resources */,
			);
			buildRules = (
			);
			dependencies = (
			);
			name = TwitterClone;
			productName = TwitterClone;
			productReference = E1CDF6BF27DC6559006AEF33 /* TwitterClone.app */;
			productType = "com.apple.product-type.application";
		};
		E1CDF6CE27DC655A006AEF33 /* TwitterCloneTests */ = {
			isa = PBXNativeTarget;
			buildConfigurationList = E1CDF6E627DC655A006AEF33 /* Build configuration list for PBXNativeTarget "TwitterCloneTests" */;
			buildPhases = (
				E1CDF6CB27DC655A006AEF33 /* Sources */,
				E1CDF6CC27DC655A006AEF33 /* Frameworks */,
				E1CDF6CD27DC655A006AEF33 /* Resources */,
			);
			buildRules = (
			);
			dependencies = (
				E1CDF6D127DC655A006AEF33 /* PBXTargetDependency */,
			);
			name = TwitterCloneTests;
			productName = TwitterCloneTests;
			productReference = E1CDF6CF27DC655A006AEF33 /* TwitterCloneTests.xctest */;
			productType = "com.apple.product-type.bundle.unit-test";
		};
		E1CDF6D827DC655A006AEF33 /* TwitterCloneUITests */ = {
			isa = PBXNativeTarget;
			buildConfigurationList = E1CDF6E927DC655A006AEF33 /* Build configuration list for PBXNativeTarget "TwitterCloneUITests" */;
			buildPhases = (
				E1CDF6D527DC655A006AEF33 /* Sources */,
				E1CDF6D627DC655A006AEF33 /* Frameworks */,
				E1CDF6D727DC655A006AEF33 /* Resources */,
			);
			buildRules = (
			);
			dependencies = (
				E1CDF6DB27DC655A006AEF33 /* PBXTargetDependency */,
			);
			name = TwitterCloneUITests;
			productName = TwitterCloneUITests;
			productReference = E1CDF6D927DC655A006AEF33 /* TwitterCloneUITests.xctest */;
			productType = "com.apple.product-type.bundle.ui-testing";
		};
/* End PBXNativeTarget section */

/* Begin PBXProject section */
		E1CDF6B727DC6559006AEF33 /* Project object */ = {
			isa = PBXProject;
			attributes = {
				BuildIndependentTargetsInParallel = 1;
				LastSwiftUpdateCheck = 1320;
				LastUpgradeCheck = 1320;
				TargetAttributes = {
					E1CDF6BE27DC6559006AEF33 = {
						CreatedOnToolsVersion = 13.2.1;
					};
					E1CDF6CE27DC655A006AEF33 = {
						CreatedOnToolsVersion = 13.2.1;
						TestTargetID = E1CDF6BE27DC6559006AEF33;
					};
					E1CDF6D827DC655A006AEF33 = {
						CreatedOnToolsVersion = 13.2.1;
						TestTargetID = E1CDF6BE27DC6559006AEF33;
					};
				};
			};
			buildConfigurationList = E1CDF6BA27DC6559006AEF33 /* Build configuration list for PBXProject "TwitterClone" */;
			compatibilityVersion = "Xcode 13.0";
			developmentRegion = en;
			hasScannedForEncodings = 0;
			knownRegions = (
				en,
				Base,
			);
			mainGroup = E1CDF6B627DC6559006AEF33;
			productRefGroup = E1CDF6C027DC6559006AEF33 /* Products */;
			projectDirPath = "";
			projectRoot = "";
			targets = (
				E1CDF6BE27DC6559006AEF33 /* TwitterClone */,
				E1CDF6CE27DC655A006AEF33 /* TwitterCloneTests */,
				E1CDF6D827DC655A006AEF33 /* TwitterCloneUITests */,
			);
		};
/* End PBXProject section */

/* Begin PBXResourcesBuildPhase section */
		E1CDF6BD27DC6559006AEF33 /* Resources */ = {
			isa = PBXResourcesBuildPhase;
			buildActionMask = 2147483647;
			files = (
				E1CDF6CA27DC655A006AEF33 /* Preview Assets.xcassets in Resources */,
				E1CDF6C727DC655A006AEF33 /* Assets.xcassets in Resources */,
			);
			runOnlyForDeploymentPostprocessing = 0;
		};
		E1CDF6CD27DC655A006AEF33 /* Resources */ = {
			isa = PBXResourcesBuildPhase;
			buildActionMask = 2147483647;
			files = (
			);
			runOnlyForDeploymentPostprocessing = 0;
		};
		E1CDF6D727DC655A006AEF33 /* Resources */ = {
			isa = PBXResourcesBuildPhase;
			buildActionMask = 2147483647;
			files = (
			);
			runOnlyForDeploymentPostprocessing = 0;
		};
/* End PBXResourcesBuildPhase section */

/* Begin PBXSourcesBuildPhase section */
		E1CDF6BB27DC6559006AEF33 /* Sources */ = {
			isa = PBXSourcesBuildPhase;
			buildActionMask = 2147483647;
			files = (
				E1CDF70627DC6E8E006AEF33 /* MessagesView.swift in Sources */,
				E1CDF70A27DC6F49006AEF33 /* ProfileView.swift in Sources */,
				E1CDF6C527DC6559006AEF33 /* ContentView.swift in Sources */,
				E1CDF6F927DC6802006AEF33 /* TweetRowView.swift in Sources */,
				E1CDF70C27DC73D1006AEF33 /* TweetFilterViewModel.swift in Sources */,
				E1CDF6F627DC6753006AEF33 /* FeedView.swift in Sources */,
				E1CDF71627DC7955006AEF33 /* SideMenuView.swift in Sources */,
				E1CDF6C327DC6559006AEF33 /* TwitterCloneApp.swift in Sources */,
				E1CDF70227DC6E6F006AEF33 /* ExploreView.swift in Sources */,
				E1CDF71A27DC7973006AEF33 /* SideMenuViewModel.swift in Sources */,
				E1CDF71127DC770F006AEF33 /* UserRowView.swift in Sources */,
				E1CDF71E27DC8098006AEF33 /* SideMenuOptionRowView.swift in Sources */,
				E1CDF6FC27DC6DA2006AEF33 /* MainTabView.swift in Sources */,
				E1CDF70427DC6E7F006AEF33 /* NotificationsView.swift in Sources */,
				E1CDF71C27DC7AD9006AEF33 /* UserStatsView.swift in Sources */,
			);
			runOnlyForDeploymentPostprocessing = 0;
		};
		E1CDF6CB27DC655A006AEF33 /* Sources */ = {
			isa = PBXSourcesBuildPhase;
			buildActionMask = 2147483647;
			files = (
				E1CDF6D427DC655A006AEF33 /* TwitterCloneTests.swift in Sources */,
			);
			runOnlyForDeploymentPostprocessing = 0;
		};
		E1CDF6D527DC655A006AEF33 /* Sources */ = {
			isa = PBXSourcesBuildPhase;
			buildActionMask = 2147483647;
			files = (
				E1CDF6E027DC655A006AEF33 /* TwitterCloneUITestsLaunchTests.swift in Sources */,
				E1CDF6DE27DC655A006AEF33 /* TwitterCloneUITests.swift in Sources */,
			);
			runOnlyForDeploymentPostprocessing = 0;
		};
/* End PBXSourcesBuildPhase section */

/* Begin PBXTargetDependency section */
		E1CDF6D127DC655A006AEF33 /* PBXTargetDependency */ = {
			isa = PBXTargetDependency;
			target = E1CDF6BE27DC6559006AEF33 /* TwitterClone */;
			targetProxy = E1CDF6D027DC655A006AEF33 /* PBXContainerItemProxy */;
		};
		E1CDF6DB27DC655A006AEF33 /* PBXTargetDependency */ = {
			isa = PBXTargetDependency;
			target = E1CDF6BE27DC6559006AEF33 /* TwitterClone */;
			targetProxy = E1CDF6DA27DC655A006AEF33 /* PBXContainerItemProxy */;
		};
/* End PBXTargetDependency section */

/* Begin XCBuildConfiguration section */
		E1CDF6E127DC655A006AEF33 /* Debug */ = {
			isa = XCBuildConfiguration;
			buildSettings = {
				ALWAYS_SEARCH_USER_PATHS = NO;
				CLANG_ANALYZER_NONNULL = YES;
				CLANG_ANALYZER_NUMBER_OBJECT_CONVERSION = YES_AGGRESSIVE;
				CLANG_CXX_LANGUAGE_STANDARD = "gnu++17";
				CLANG_CXX_LIBRARY = "libc++";
				CLANG_ENABLE_MODULES = YES;
				CLANG_ENABLE_OBJC_ARC = YES;
				CLANG_ENABLE_OBJC_WEAK = YES;
				CLANG_WARN_BLOCK_CAPTURE_AUTORELEASING = YES;
				CLANG_WARN_BOOL_CONVERSION = YES;
				CLANG_WARN_COMMA = YES;
				CLANG_WARN_CONSTANT_CONVERSION = YES;
				CLANG_WARN_DEPRECATED_OBJC_IMPLEMENTATIONS = YES;
				CLANG_WARN_DIRECT_OBJC_ISA_USAGE = YES_ERROR;
				CLANG_WARN_DOCUMENTATION_COMMENTS = YES;
				CLANG_WARN_EMPTY_BODY = YES;
				CLANG_WARN_ENUM_CONVERSION = YES;
				CLANG_WARN_INFINITE_RECURSION = YES;
				CLANG_WARN_INT_CONVERSION = YES;
				CLANG_WARN_NON_LITERAL_NULL_CONVERSION = YES;
				CLANG_WARN_OBJC_IMPLICIT_RETAIN_SELF = YES;
				CLANG_WARN_OBJC_LITERAL_CONVERSION = YES;
				CLANG_WARN_OBJC_ROOT_CLASS = YES_ERROR;
				CLANG_WARN_QUOTED_INCLUDE_IN_FRAMEWORK_HEADER = YES;
				CLANG_WARN_RANGE_LOOP_ANALYSIS = YES;
				CLANG_WARN_STRICT_PROTOTYPES = YES;
				CLANG_WARN_SUSPICIOUS_MOVE = YES;
				CLANG_WARN_UNGUARDED_AVAILABILITY = YES_AGGRESSIVE;
				CLANG_WARN_UNREACHABLE_CODE = YES;
				CLANG_WARN__DUPLICATE_METHOD_MATCH = YES;
				COPY_PHASE_STRIP = NO;
				DEBUG_INFORMATION_FORMAT = dwarf;
				ENABLE_STRICT_OBJC_MSGSEND = YES;
				ENABLE_TESTABILITY = YES;
				GCC_C_LANGUAGE_STANDARD = gnu11;
				GCC_DYNAMIC_NO_PIC = NO;
				GCC_NO_COMMON_BLOCKS = YES;
				GCC_OPTIMIZATION_LEVEL = 0;
				GCC_PREPROCESSOR_DEFINITIONS = (
					"DEBUG=1",
					"$(inherited)",
				);
				GCC_WARN_64_TO_32_BIT_CONVERSION = YES;
				GCC_WARN_ABOUT_RETURN_TYPE = YES_ERROR;
				GCC_WARN_UNDECLARED_SELECTOR = YES;
				GCC_WARN_UNINITIALIZED_AUTOS = YES_AGGRESSIVE;
				GCC_WARN_UNUSED_FUNCTION = YES;
				GCC_WARN_UNUSED_VARIABLE = YES;
				IPHONEOS_DEPLOYMENT_TARGET = 15.2;
				MTL_ENABLE_DEBUG_INFO = INCLUDE_SOURCE;
				MTL_FAST_MATH = YES;
				ONLY_ACTIVE_ARCH = YES;
				SDKROOT = iphoneos;
				SWIFT_ACTIVE_COMPILATION_CONDITIONS = DEBUG;
				SWIFT_OPTIMIZATION_LEVEL = "-Onone";
			};
			name = Debug;
		};
		E1CDF6E227DC655A006AEF33 /* Release */ = {
			isa = XCBuildConfiguration;
			buildSettings = {
				ALWAYS_SEARCH_USER_PATHS = NO;
				CLANG_ANALYZER_NONNULL = YES;
				CLANG_ANALYZER_NUMBER_OBJECT_CONVERSION = YES_AGGRESSIVE;
				CLANG_CXX_LANGUAGE_STANDARD = "gnu++17";
				CLANG_CXX_LIBRARY = "libc++";
				CLANG_ENABLE_MODULES = YES;
				CLANG_ENABLE_OBJC_ARC = YES;
				CLANG_ENABLE_OBJC_WEAK = YES;
				CLANG_WARN_BLOCK_CAPTURE_AUTORELEASING = YES;
				CLANG_WARN_BOOL_CONVERSION = YES;
				CLANG_WARN_COMMA = YES;
				CLANG_WARN_CONSTANT_CONVERSION = YES;
				CLANG_WARN_DEPRECATED_OBJC_IMPLEMENTATIONS = YES;
				CLANG_WARN_DIRECT_OBJC_ISA_USAGE = YES_ERROR;
				CLANG_WARN_DOCUMENTATION_COMMENTS = YES;
				CLANG_WARN_EMPTY_BODY = YES;
				CLANG_WARN_ENUM_CONVERSION = YES;
				CLANG_WARN_INFINITE_RECURSION = YES;
				CLANG_WARN_INT_CONVERSION = YES;
				CLANG_WARN_NON_LITERAL_NULL_CONVERSION = YES;
				CLANG_WARN_OBJC_IMPLICIT_RETAIN_SELF = YES;
				CLANG_WARN_OBJC_LITERAL_CONVERSION = YES;
				CLANG_WARN_OBJC_ROOT_CLASS = YES_ERROR;
				CLANG_WARN_QUOTED_INCLUDE_IN_FRAMEWORK_HEADER = YES;
				CLANG_WARN_RANGE_LOOP_ANALYSIS = YES;
				CLANG_WARN_STRICT_PROTOTYPES = YES;
				CLANG_WARN_SUSPICIOUS_MOVE = YES;
				CLANG_WARN_UNGUARDED_AVAILABILITY = YES_AGGRESSIVE;
				CLANG_WARN_UNREACHABLE_CODE = YES;
				CLANG_WARN__DUPLICATE_METHOD_MATCH = YES;
				COPY_PHASE_STRIP = NO;
				DEBUG_INFORMATION_FORMAT = "dwarf-with-dsym";
				ENABLE_NS_ASSERTIONS = NO;
				ENABLE_STRICT_OBJC_MSGSEND = YES;
				GCC_C_LANGUAGE_STANDARD = gnu11;
				GCC_NO_COMMON_BLOCKS = YES;
				GCC_WARN_64_TO_32_BIT_CONVERSION = YES;
				GCC_WARN_ABOUT_RETURN_TYPE = YES_ERROR;
				GCC_WARN_UNDECLARED_SELECTOR = YES;
				GCC_WARN_UNINITIALIZED_AUTOS = YES_AGGRESSIVE;
				GCC_WARN_UNUSED_FUNCTION = YES;
				GCC_WARN_UNUSED_VARIABLE = YES;
				IPHONEOS_DEPLOYMENT_TARGET = 15.2;
				MTL_ENABLE_DEBUG_INFO = NO;
				MTL_FAST_MATH = YES;
				SDKROOT = iphoneos;
				SWIFT_COMPILATION_MODE = wholemodule;
				SWIFT_OPTIMIZATION_LEVEL = "-O";
				VALIDATE_PRODUCT = YES;
			};
			name = Release;
		};
		E1CDF6E427DC655A006AEF33 /* Debug */ = {
			isa = XCBuildConfiguration;
			buildSettings = {
				ASSETCATALOG_COMPILER_APPICON_NAME = AppIcon;
				ASSETCATALOG_COMPILER_GLOBAL_ACCENT_COLOR_NAME = AccentColor;
				CODE_SIGN_STYLE = Automatic;
				CURRENT_PROJECT_VERSION = 1;
				DEVELOPMENT_ASSET_PATHS = "\"TwitterClone/Preview Content\"";
				DEVELOPMENT_TEAM = 6VV3C94SRJ;
				ENABLE_PREVIEWS = YES;
				GENERATE_INFOPLIST_FILE = YES;
				INFOPLIST_KEY_UIApplicationSceneManifest_Generation = YES;
				INFOPLIST_KEY_UIApplicationSupportsIndirectInputEvents = YES;
				INFOPLIST_KEY_UILaunchScreen_Generation = YES;
				INFOPLIST_KEY_UISupportedInterfaceOrientations_iPad = "UIInterfaceOrientationPortrait UIInterfaceOrientationPortraitUpsideDown UIInterfaceOrientationLandscapeLeft UIInterfaceOrientationLandscapeRight";
				INFOPLIST_KEY_UISupportedInterfaceOrientations_iPhone = "UIInterfaceOrientationPortrait UIInterfaceOrientationLandscapeLeft UIInterfaceOrientationLandscapeRight";
				LD_RUNPATH_SEARCH_PATHS = (
					"$(inherited)",
					"@executable_path/Frameworks",
				);
				MARKETING_VERSION = 1.0;
				PRODUCT_BUNDLE_IDENTIFIER = jp.mydns.kokoichi206.prac.TwitterClone;
				PRODUCT_NAME = "$(TARGET_NAME)";
				SWIFT_EMIT_LOC_STRINGS = YES;
				SWIFT_VERSION = 5.0;
				TARGETED_DEVICE_FAMILY = "1,2";
			};
			name = Debug;
		};
		E1CDF6E527DC655A006AEF33 /* Release */ = {
			isa = XCBuildConfiguration;
			buildSettings = {
				ASSETCATALOG_COMPILER_APPICON_NAME = AppIcon;
				ASSETCATALOG_COMPILER_GLOBAL_ACCENT_COLOR_NAME = AccentColor;
				CODE_SIGN_STYLE = Automatic;
				CURRENT_PROJECT_VERSION = 1;
				DEVELOPMENT_ASSET_PATHS = "\"TwitterClone/Preview Content\"";
				DEVELOPMENT_TEAM = 6VV3C94SRJ;
				ENABLE_PREVIEWS = YES;
				GENERATE_INFOPLIST_FILE = YES;
				INFOPLIST_KEY_UIApplicationSceneManifest_Generation = YES;
				INFOPLIST_KEY_UIApplicationSupportsIndirectInputEvents = YES;
				INFOPLIST_KEY_UILaunchScreen_Generation = YES;
				INFOPLIST_KEY_UISupportedInterfaceOrientations_iPad = "UIInterfaceOrientationPortrait UIInterfaceOrientationPortraitUpsideDown UIInterfaceOrientationLandscapeLeft UIInterfaceOrientationLandscapeRight";
				INFOPLIST_KEY_UISupportedInterfaceOrientations_iPhone = "UIInterfaceOrientationPortrait UIInterfaceOrientationLandscapeLeft UIInterfaceOrientationLandscapeRight";
				LD_RUNPATH_SEARCH_PATHS = (
					"$(inherited)",
					"@executable_path/Frameworks",
				);
				MARKETING_VERSION = 1.0;
				PRODUCT_BUNDLE_IDENTIFIER = jp.mydns.kokoichi206.prac.TwitterClone;
				PRODUCT_NAME = "$(TARGET_NAME)";
				SWIFT_EMIT_LOC_STRINGS = YES;
				SWIFT_VERSION = 5.0;
				TARGETED_DEVICE_FAMILY = "1,2";
			};
			name = Release;
		};
		E1CDF6E727DC655A006AEF33 /* Debug */ = {
			isa = XCBuildConfiguration;
			buildSettings = {
				ALWAYS_EMBED_SWIFT_STANDARD_LIBRARIES = YES;
				BUNDLE_LOADER = "$(TEST_HOST)";
				CODE_SIGN_STYLE = Automatic;
				CURRENT_PROJECT_VERSION = 1;
				DEVELOPMENT_TEAM = 6VV3C94SRJ;
				GENERATE_INFOPLIST_FILE = YES;
				IPHONEOS_DEPLOYMENT_TARGET = 15.2;
				MARKETING_VERSION = 1.0;
				PRODUCT_BUNDLE_IDENTIFIER = jp.mydns.kokoichi206.prac.TwitterCloneTests;
				PRODUCT_NAME = "$(TARGET_NAME)";
				SWIFT_EMIT_LOC_STRINGS = NO;
				SWIFT_VERSION = 5.0;
				TARGETED_DEVICE_FAMILY = "1,2";
				TEST_HOST = "$(BUILT_PRODUCTS_DIR)/TwitterClone.app/TwitterClone";
			};
			name = Debug;
		};
		E1CDF6E827DC655A006AEF33 /* Release */ = {
			isa = XCBuildConfiguration;
			buildSettings = {
				ALWAYS_EMBED_SWIFT_STANDARD_LIBRARIES = YES;
				BUNDLE_LOADER = "$(TEST_HOST)";
				CODE_SIGN_STYLE = Automatic;
				CURRENT_PROJECT_VERSION = 1;
				DEVELOPMENT_TEAM = 6VV3C94SRJ;
				GENERATE_INFOPLIST_FILE = YES;
				IPHONEOS_DEPLOYMENT_TARGET = 15.2;
				MARKETING_VERSION = 1.0;
				PRODUCT_BUNDLE_IDENTIFIER = jp.mydns.kokoichi206.prac.TwitterCloneTests;
				PRODUCT_NAME = "$(TARGET_NAME)";
				SWIFT_EMIT_LOC_STRINGS = NO;
				SWIFT_VERSION = 5.0;
				TARGETED_DEVICE_FAMILY = "1,2";
				TEST_HOST = "$(BUILT_PRODUCTS_DIR)/TwitterClone.app/TwitterClone";
			};
			name = Release;
		};
		E1CDF6EA27DC655A006AEF33 /* Debug */ = {
			isa = XCBuildConfiguration;
			buildSettings = {
				ALWAYS_EMBED_SWIFT_STANDARD_LIBRARIES = YES;
				CODE_SIGN_STYLE = Automatic;
				CURRENT_PROJECT_VERSION = 1;
				DEVELOPMENT_TEAM = 6VV3C94SRJ;
				GENERATE_INFOPLIST_FILE = YES;
				MARKETING_VERSION = 1.0;
				PRODUCT_BUNDLE_IDENTIFIER = jp.mydns.kokoichi206.prac.TwitterCloneUITests;
				PRODUCT_NAME = "$(TARGET_NAME)";
				SWIFT_EMIT_LOC_STRINGS = NO;
				SWIFT_VERSION = 5.0;
				TARGETED_DEVICE_FAMILY = "1,2";
				TEST_TARGET_NAME = TwitterClone;
			};
			name = Debug;
		};
		E1CDF6EB27DC655A006AEF33 /* Release */ = {
			isa = XCBuildConfiguration;
			buildSettings = {
				ALWAYS_EMBED_SWIFT_STANDARD_LIBRARIES = YES;
				CODE_SIGN_STYLE = Automatic;
				CURRENT_PROJECT_VERSION = 1;
				DEVELOPMENT_TEAM = 6VV3C94SRJ;
				GENERATE_INFOPLIST_FILE = YES;
				MARKETING_VERSION = 1.0;
				PRODUCT_BUNDLE_IDENTIFIER = jp.mydns.kokoichi206.prac.TwitterCloneUITests;
				PRODUCT_NAME = "$(TARGET_NAME)";
				SWIFT_EMIT_LOC_STRINGS = NO;
				SWIFT_VERSION = 5.0;
				TARGETED_DEVICE_FAMILY = "1,2";
				TEST_TARGET_NAME = TwitterClone;
			};
			name = Release;
		};
/* End XCBuildConfiguration section */

/* Begin XCConfigurationList section */
		E1CDF6BA27DC6559006AEF33 /* Build configuration list for PBXProject "TwitterClone" */ = {
			isa = XCConfigurationList;
			buildConfigurations = (
				E1CDF6E127DC655A006AEF33 /* Debug */,
				E1CDF6E227DC655A006AEF33 /* Release */,
			);
			defaultConfigurationIsVisible = 0;
			defaultConfigurationName = Release;
		};
		E1CDF6E327DC655A006AEF33 /* Build configuration list for PBXNativeTarget "TwitterClone" */ = {
			isa = XCConfigurationList;
			buildConfigurations = (
				E1CDF6E427DC655A006AEF33 /* Debug */,
				E1CDF6E527DC655A006AEF33 /* Release */,
			);
			defaultConfigurationIsVisible = 0;
			defaultConfigurationName = Release;
		};
		E1CDF6E627DC655A006AEF33 /* Build configuration list for PBXNativeTarget "TwitterCloneTests" */ = {
			isa = XCConfigurationList;
			buildConfigurations = (
				E1CDF6E727DC655A006AEF33 /* Debug */,
				E1CDF6E827DC655A006AEF33 /* Release */,
			);
			defaultConfigurationIsVisible = 0;
			defaultConfigurationName = Release;
		};
		E1CDF6E927DC655A006AEF33 /* Build configuration list for PBXNativeTarget "TwitterCloneUITests" */ = {
			isa = XCConfigurationList;
			buildConfigurations = (
				E1CDF6EA27DC655A006AEF33 /* Debug */,
				E1CDF6EB27DC655A006AEF33 /* Release */,
			);
			defaultConfigurationIsVisible = 0;
			defaultConfigurationName = Release;
		};
/* End XCConfigurationList section */
	};
	rootObject = E1CDF6B727DC6559006AEF33 /* Project object */;
}
